
Microsoft Visual Studio Solution File, Format Version 12.00
# Visual Studio 15
VisualStudioVersion = 15.0.28307.852
MinimumVisualStudioVersion = 10.0.40219.1
Project("{8BC9CEB8-8B4A-11D0-8D11-00A0C91BC942}") = "15.7", "15.7\15.7.vcxproj", "{91009D80-6951-48E7-A16E-D6D458C22825}"
EndProject
Global
	GlobalSection(SolutionConfigurationPlatforms) = preSolution
		Debug|x64 = Debug|x64
		Debug|x86 = Debug|x86
		Release|x64 = Release|x64
		Release|x86 = Release|x86
	EndGlobalSection
	GlobalSection(ProjectConfigurationPlatforms) = postSolution
		{91009D80-6951-48E7-A16E-D6D458C22825}.Debug|x64.ActiveCfg = Debug|x64
		{91009D80-6951-48E7-A16E-D6D458C22825}.Debug|x64.Build.0 = Debug|x64
		{91009D80-6951-48E7-A16E-D6D458C22825}.Debug|x86.ActiveCfg = Debug|Win32
		{91009D80-6951-48E7-A16E-D6D458C22825}.Debug|x86.Build.0 = Debug|Win32
		{91009D80-6951-48E7-A16E-D6D458C22825}.Release|x64.ActiveCfg = Release|x64
		{91009D80-6951-48E7-A16E-D6D458C22825}.Release|x64.Build.0 = Release|x64
		{91009D80-6951-48E7-A16E-D6D458C22825}.Release|x86.ActiveCfg = Release|Win32
		{91009D80-6951-48E7-A16E-D6D458C22825}.Release|x86.Build.0 = Release|Win32
	EndGlobalSection
	GlobalSection(SolutionProperties) = preSolution
		HideSolutionNode = FALSE
	EndGlobalSection
	GlobalSection(ExtensibilityGlobals) = postSolution
		SolutionGuid = {24147C93-DC0C-48B0-BE02-F1E05EEA657E}
	EndGlobalSection
EndGlobal
