
Microsoft Visual Studio Solution File, Format Version 12.00
# Visual Studio 15
VisualStudioVersion = 15.0.28307.852
MinimumVisualStudioVersion = 10.0.40219.1
Project("{8BC9CEB8-8B4A-11D0-8D11-00A0C91BC942}") = "1", "1\1.vcxproj", "{44E09F1B-1909-42E1-A543-86265B053CC0}"
EndProject
Global
	GlobalSection(SolutionConfigurationPlatforms) = preSolution
		Debug|x64 = Debug|x64
		Debug|x86 = Debug|x86
		Release|x64 = Release|x64
		Release|x86 = Release|x86
	EndGlobalSection
	GlobalSection(ProjectConfigurationPlatforms) = postSolution
		{44E09F1B-1909-42E1-A543-86265B053CC0}.Debug|x64.ActiveCfg = Debug|x64
		{44E09F1B-1909-42E1-A543-86265B053CC0}.Debug|x64.Build.0 = Debug|x64
		{44E09F1B-1909-42E1-A543-86265B053CC0}.Debug|x86.ActiveCfg = Debug|Win32
		{44E09F1B-1909-42E1-A543-86265B053CC0}.Debug|x86.Build.0 = Debug|Win32
		{44E09F1B-1909-42E1-A543-86265B053CC0}.Release|x64.ActiveCfg = Release|x64
		{44E09F1B-1909-42E1-A543-86265B053CC0}.Release|x64.Build.0 = Release|x64
		{44E09F1B-1909-42E1-A543-86265B053CC0}.Release|x86.ActiveCfg = Release|Win32
		{44E09F1B-1909-42E1-A543-86265B053CC0}.Release|x86.Build.0 = Release|Win32
	EndGlobalSection
	GlobalSection(SolutionProperties) = preSolution
		HideSolutionNode = FALSE
	EndGlobalSection
	GlobalSection(ExtensibilityGlobals) = postSolution
		SolutionGuid = {ED89920E-BF0C-4161-B7DC-57C0ED215D8E}
	EndGlobalSection
EndGlobal
