
Microsoft Visual Studio Solution File, Format Version 12.00
# Visual Studio 15
VisualStudioVersion = 15.0.28307.852
MinimumVisualStudioVersion = 10.0.40219.1
Project("{8BC9CEB8-8B4A-11D0-8D11-00A0C91BC942}") = "6.16", "6.16\6.16.vcxproj", "{54D9F3C8-F24B-4440-BFF2-3C04A1E37D95}"
EndProject
Global
	GlobalSection(SolutionConfigurationPlatforms) = preSolution
		Debug|x64 = Debug|x64
		Debug|x86 = Debug|x86
		Release|x64 = Release|x64
		Release|x86 = Release|x86
	EndGlobalSection
	GlobalSection(ProjectConfigurationPlatforms) = postSolution
		{54D9F3C8-F24B-4440-BFF2-3C04A1E37D95}.Debug|x64.ActiveCfg = Debug|x64
		{54D9F3C8-F24B-4440-BFF2-3C04A1E37D95}.Debug|x64.Build.0 = Debug|x64
		{54D9F3C8-F24B-4440-BFF2-3C04A1E37D95}.Debug|x86.ActiveCfg = Debug|Win32
		{54D9F3C8-F24B-4440-BFF2-3C04A1E37D95}.Debug|x86.Build.0 = Debug|Win32
		{54D9F3C8-F24B-4440-BFF2-3C04A1E37D95}.Release|x64.ActiveCfg = Release|x64
		{54D9F3C8-F24B-4440-BFF2-3C04A1E37D95}.Release|x64.Build.0 = Release|x64
		{54D9F3C8-F24B-4440-BFF2-3C04A1E37D95}.Release|x86.ActiveCfg = Release|Win32
		{54D9F3C8-F24B-4440-BFF2-3C04A1E37D95}.Release|x86.Build.0 = Release|Win32
	EndGlobalSection
	GlobalSection(SolutionProperties) = preSolution
		HideSolutionNode = FALSE
	EndGlobalSection
	GlobalSection(ExtensibilityGlobals) = postSolution
		SolutionGuid = {49423D8D-6175-4E54-97FD-EB56E5E30902}
	EndGlobalSection
EndGlobal
