
Microsoft Visual Studio Solution File, Format Version 12.00
# Visual Studio 15
VisualStudioVersion = 15.0.28307.852
MinimumVisualStudioVersion = 10.0.40219.1
Project("{8BC9CEB8-8B4A-11D0-8D11-00A0C91BC942}") = "9.10", "9.10\9.10.vcxproj", "{0F77F492-D4C1-45F5-8362-659F73362871}"
EndProject
Global
	GlobalSection(SolutionConfigurationPlatforms) = preSolution
		Debug|x64 = Debug|x64
		Debug|x86 = Debug|x86
		Release|x64 = Release|x64
		Release|x86 = Release|x86
	EndGlobalSection
	GlobalSection(ProjectConfigurationPlatforms) = postSolution
		{0F77F492-D4C1-45F5-8362-659F73362871}.Debug|x64.ActiveCfg = Debug|x64
		{0F77F492-D4C1-45F5-8362-659F73362871}.Debug|x64.Build.0 = Debug|x64
		{0F77F492-D4C1-45F5-8362-659F73362871}.Debug|x86.ActiveCfg = Debug|Win32
		{0F77F492-D4C1-45F5-8362-659F73362871}.Debug|x86.Build.0 = Debug|Win32
		{0F77F492-D4C1-45F5-8362-659F73362871}.Release|x64.ActiveCfg = Release|x64
		{0F77F492-D4C1-45F5-8362-659F73362871}.Release|x64.Build.0 = Release|x64
		{0F77F492-D4C1-45F5-8362-659F73362871}.Release|x86.ActiveCfg = Release|Win32
		{0F77F492-D4C1-45F5-8362-659F73362871}.Release|x86.Build.0 = Release|Win32
	EndGlobalSection
	GlobalSection(SolutionProperties) = preSolution
		HideSolutionNode = FALSE
	EndGlobalSection
	GlobalSection(ExtensibilityGlobals) = postSolution
		SolutionGuid = {31004E90-1FE6-42BF-82F2-5574D77FBF50}
	EndGlobalSection
EndGlobal
